// !$*UTF8*$!
{
	archiveVersion = 1;
	classes = {
	};
	objectVersion = 50;
	objects = {

/* Begin PBXBuildFile section */
		2DF4E2DD24CE4D34002C2B89 /* AppDelegate.swift in Sources */ = {isa = PBXBuildFile; fileRef = 2DF4E2DC24CE4D34002C2B89 /* AppDelegate.swift */; };
		2DF4E2DF24CE4D34002C2B89 /* SceneDelegate.swift in Sources */ = {isa = PBXBuildFile; fileRef = 2DF4E2DE24CE4D34002C2B89 /* SceneDelegate.swift */; };
		2DF4E2E124CE4D34002C2B89 /* ViewController.swift in Sources */ = {isa = PBXBuildFile; fileRef = 2DF4E2E024CE4D34002C2B89 /* ViewController.swift */; };
		2DF4E2E424CE4D34002C2B89 /* Main.storyboard in Resources */ = {isa = PBXBuildFile; fileRef = 2DF4E2E224CE4D34002C2B89 /* Main.storyboard */; };
		2DF4E2E624CE4D38002C2B89 /* Assets.xcassets in Resources */ = {isa = PBXBuildFile; fileRef = 2DF4E2E524CE4D38002C2B89 /* Assets.xcassets */; };
		2DF4E2E924CE4D38002C2B89 /* LaunchScreen.storyboard in Resources */ = {isa = PBXBuildFile; fileRef = 2DF4E2E724CE4D38002C2B89 /* LaunchScreen.storyboard */; };
/* End PBXBuildFile section */

/* Begin PBXFileReference section */
		2DF4E2D924CE4D34002C2B89 /* bruinLabsChat.app */ = {isa = PBXFileReference; explicitFileType = wrapper.application; includeInIndex = 0; path = bruinLabsChat.app; sourceTree = BUILT_PRODUCTS_DIR; };
		2DF4E2DC24CE4D34002C2B89 /* AppDelegate.swift */ = {isa = PBXFileReference; lastKnownFileType = sourcecode.swift; path = AppDelegate.swift; sourceTree = "<group>"; };
		2DF4E2DE24CE4D34002C2B89 /* SceneDelegate.swift */ = {isa = PBXFileReference; lastKnownFileType = sourcecode.swift; path = SceneDelegate.swift; sourceTree = "<group>"; };
		2DF4E2E024CE4D34002C2B89 /* ViewController.swift */ = {isa = PBXFileReference; lastKnownFileType = sourcecode.swift; path = ViewController.swift; sourceTree = "<group>"; };
		2DF4E2E324CE4D34002C2B89 /* Base */ = {isa = PBXFileReference; lastKnownFileType = file.storyboard; name = Base; path = Base.lproj/Main.storyboard; sourceTree = "<group>"; };
		2DF4E2E524CE4D38002C2B89 /* Assets.xcassets */ = {isa = PBXFileReference; lastKnownFileType = folder.assetcatalog; path = Assets.xcassets; sourceTree = "<group>"; };
		2DF4E2E824CE4D38002C2B89 /* Base */ = {isa = PBXFileReference; lastKnownFileType = file.storyboard; name = Base; path = Base.lproj/LaunchScreen.storyboard; sourceTree = "<group>"; };
		2DF4E2EA24CE4D38002C2B89 /* Info.plist */ = {isa = PBXFileReference; lastKnownFileType = text.plist.xml; path = Info.plist; sourceTree = "<group>"; };
/* End PBXFileReference section */

/* Begin PBXFrameworksBuildPhase section */
		2DF4E2D624CE4D34002C2B89 /* Frameworks */ = {
			isa = PBXFrameworksBuildPhase;
			buildActionMask = 2147483647;
			files = (
			);
			runOnlyForDeploymentPostprocessing = 0;
		};
/* End PBXFrameworksBuildPhase section */

/* Begin PBXGroup section */
		2DF4E2D024CE4D34002C2B89 = {
			isa = PBXGroup;
			children = (
				2DF4E2DB24CE4D34002C2B89 /* bruinLabsChat */,
				2DF4E2DA24CE4D34002C2B89 /* Products */,
			);
			sourceTree = "<group>";
		};
		2DF4E2DA24CE4D34002C2B89 /* Products */ = {
			isa = PBXGroup;
			children = (
				2DF4E2D924CE4D34002C2B89 /* bruinLabsChat.app */,
			);
			name = Products;
			sourceTree = "<group>";
		};
		2DF4E2DB24CE4D34002C2B89 /* bruinLabsChat */ = {
			isa = PBXGroup;
			children = (
				2DF4E2DC24CE4D34002C2B89 /* AppDelegate.swift */,
				2DF4E2DE24CE4D34002C2B89 /* SceneDelegate.swift */,
				2DF4E2E024CE4D34002C2B89 /* ViewController.swift */,
				2DF4E2E224CE4D34002C2B89 /* Main.storyboard */,
				2DF4E2E524CE4D38002C2B89 /* Assets.xcassets */,
				2DF4E2E724CE4D38002C2B89 /* LaunchScreen.storyboard */,
				2DF4E2EA24CE4D38002C2B89 /* Info.plist */,
			);
			path = bruinLabsChat;
			sourceTree = "<group>";
		};
/* End PBXGroup section */

/* Begin PBXNativeTarget section */
		2DF4E2D824CE4D34002C2B89 /* bruinLabsChat */ = {
			isa = PBXNativeTarget;
			buildConfigurationList = 2DF4E2ED24CE4D38002C2B89 /* Build configuration list for PBXNativeTarget "bruinLabsChat" */;
			buildPhases = (
				2DF4E2D524CE4D34002C2B89 /* Sources */,
				2DF4E2D624CE4D34002C2B89 /* Frameworks */,
				2DF4E2D724CE4D34002C2B89 /* Resources */,
			);
			buildRules = (
			);
			dependencies = (
			);
			name = bruinLabsChat;
			productName = bruinLabsChat;
			productReference = 2DF4E2D924CE4D34002C2B89 /* bruinLabsChat.app */;
			productType = "com.apple.product-type.application";
		};
/* End PBXNativeTarget section */

/* Begin PBXProject section */
		2DF4E2D124CE4D34002C2B89 /* Project object */ = {
			isa = PBXProject;
			attributes = {
				LastSwiftUpdateCheck = 1160;
				LastUpgradeCheck = 1160;
				ORGANIZATIONNAME = "Reema Kshetramade";
				TargetAttributes = {
					2DF4E2D824CE4D34002C2B89 = {
						CreatedOnToolsVersion = 11.6;
					};
				};
			};
			buildConfigurationList = 2DF4E2D424CE4D34002C2B89 /* Build configuration list for PBXProject "bruinLabsChat" */;
			compatibilityVersion = "Xcode 9.3";
			developmentRegion = en;
			hasScannedForEncodings = 0;
			knownRegions = (
				en,
				Base,
			);
			mainGroup = 2DF4E2D024CE4D34002C2B89;
			productRefGroup = 2DF4E2DA24CE4D34002C2B89 /* Products */;
			projectDirPath = "";
			projectRoot = "";
			targets = (
				2DF4E2D824CE4D34002C2B89 /* bruinLabsChat */,
			);
		};
/* End PBXProject section */

/* Begin PBXResourcesBuildPhase section */
		2DF4E2D724CE4D34002C2B89 /* Resources */ = {
			isa = PBXResourcesBuildPhase;
			buildActionMask = 2147483647;
			files = (
				2DF4E2E924CE4D38002C2B89 /* LaunchScreen.storyboard in Resources */,
				2DF4E2E624CE4D38002C2B89 /* Assets.xcassets in Resources */,
				2DF4E2E424CE4D34002C2B89 /* Main.storyboard in Resources */,
			);
			runOnlyForDeploymentPostprocessing = 0;
		};
/* End PBXResourcesBuildPhase section */

/* Begin PBXSourcesBuildPhase section */
		2DF4E2D524CE4D34002C2B89 /* Sources */ = {
			isa = PBXSourcesBuildPhase;
			buildActionMask = 2147483647;
			files = (
				2DF4E2E124CE4D34002C2B89 /* ViewController.swift in Sources */,
				2DF4E2DD24CE4D34002C2B89 /* AppDelegate.swift in Sources */,
				2DF4E2DF24CE4D34002C2B89 /* SceneDelegate.swift in Sources */,
			);
			runOnlyForDeploymentPostprocessing = 0;
		};
/* End PBXSourcesBuildPhase section */

/* Begin PBXVariantGroup section */
		2DF4E2E224CE4D34002C2B89 /* Main.storyboard */ = {
			isa = PBXVariantGroup;
			children = (
				2DF4E2E324CE4D34002C2B89 /* Base */,
			);
			name = Main.storyboard;
			sourceTree = "<group>";
		};
		2DF4E2E724CE4D38002C2B89 /* LaunchScreen.storyboard */ = {
			isa = PBXVariantGroup;
			children = (
				2DF4E2E824CE4D38002C2B89 /* Base */,
			);
			name = LaunchScreen.storyboard;
			sourceTree = "<group>";
		};
/* End PBXVariantGroup section */

/* Begin XCBuildConfiguration section */
		2DF4E2EB24CE4D38002C2B89 /* Debug */ = {
			isa = XCBuildConfiguration;
			buildSettings = {
				ALWAYS_SEARCH_USER_PATHS = NO;
				CLANG_ANALYZER_NONNULL = YES;
				CLANG_ANALYZER_NUMBER_OBJECT_CONVERSION = YES_AGGRESSIVE;
				CLANG_CXX_LANGUAGE_STANDARD = "gnu++14";
				CLANG_CXX_LIBRARY = "libc++";
				CLANG_ENABLE_MODULES = YES;
				CLANG_ENABLE_OBJC_ARC = YES;
				CLANG_ENABLE_OBJC_WEAK = YES;
				CLANG_WARN_BLOCK_CAPTURE_AUTORELEASING = YES;
				CLANG_WARN_BOOL_CONVERSION = YES;
				CLANG_WARN_COMMA = YES;
				CLANG_WARN_CONSTANT_CONVERSION = YES;
				CLANG_WARN_DEPRECATED_OBJC_IMPLEMENTATIONS = YES;
				CLANG_WARN_DIRECT_OBJC_ISA_USAGE = YES_ERROR;
				CLANG_WARN_DOCUMENTATION_COMMENTS = YES;
				CLANG_WARN_EMPTY_BODY = YES;
				CLANG_WARN_ENUM_CONVERSION = YES;
				CLANG_WARN_INFINITE_RECURSION = YES;
				CLANG_WARN_INT_CONVERSION = YES;
				CLANG_WARN_NON_LITERAL_NULL_CONVERSION = YES;
				CLANG_WARN_OBJC_IMPLICIT_RETAIN_SELF = YES;
				CLANG_WARN_OBJC_LITERAL_CONVERSION = YES;
				CLANG_WARN_OBJC_ROOT_CLASS = YES_ERROR;
				CLANG_WARN_RANGE_LOOP_ANALYSIS = YES;
				CLANG_WARN_STRICT_PROTOTYPES = YES;
				CLANG_WARN_SUSPICIOUS_MOVE = YES;
				CLANG_WARN_UNGUARDED_AVAILABILITY = YES_AGGRESSIVE;
				CLANG_WARN_UNREACHABLE_CODE = YES;
				CLANG_WARN__DUPLICATE_METHOD_MATCH = YES;
				COPY_PHASE_STRIP = NO;
				DEBUG_INFORMATION_FORMAT = dwarf;
				ENABLE_STRICT_OBJC_MSGSEND = YES;
				ENABLE_TESTABILITY = YES;
				GCC_C_LANGUAGE_STANDARD = gnu11;
				GCC_DYNAMIC_NO_PIC = NO;
				GCC_NO_COMMON_BLOCKS = YES;
				GCC_OPTIMIZATION_LEVEL = 0;
				GCC_PREPROCESSOR_DEFINITIONS = (
					"DEBUG=1",
					"$(inherited)",
				);
				GCC_WARN_64_TO_32_BIT_CONVERSION = YES;
				GCC_WARN_ABOUT_RETURN_TYPE = YES_ERROR;
				GCC_WARN_UNDECLARED_SELECTOR = YES;
				GCC_WARN_UNINITIALIZED_AUTOS = YES_AGGRESSIVE;
				GCC_WARN_UNUSED_FUNCTION = YES;
				GCC_WARN_UNUSED_VARIABLE = YES;
				IPHONEOS_DEPLOYMENT_TARGET = 13.6;
				MTL_ENABLE_DEBUG_INFO = INCLUDE_SOURCE;
				MTL_FAST_MATH = YES;
				ONLY_ACTIVE_ARCH = YES;
				SDKROOT = iphoneos;
				SWIFT_ACTIVE_COMPILATION_CONDITIONS = DEBUG;
				SWIFT_OPTIMIZATION_LEVEL = "-Onone";
			};
			name = Debug;
		};
		2DF4E2EC24CE4D38002C2B89 /* Release */ = {
			isa = XCBuildConfiguration;
			buildSettings = {
				ALWAYS_SEARCH_USER_PATHS = NO;
				CLANG_ANALYZER_NONNULL = YES;
				CLANG_ANALYZER_NUMBER_OBJECT_CONVERSION = YES_AGGRESSIVE;
				CLANG_CXX_LANGUAGE_STANDARD = "gnu++14";
				CLANG_CXX_LIBRARY = "libc++";
				CLANG_ENABLE_MODULES = YES;
				CLANG_ENABLE_OBJC_ARC = YES;
				CLANG_ENABLE_OBJC_WEAK = YES;
				CLANG_WARN_BLOCK_CAPTURE_AUTORELEASING = YES;
				CLANG_WARN_BOOL_CONVERSION = YES;
				CLANG_WARN_COMMA = YES;
				CLANG_WARN_CONSTANT_CONVERSION = YES;
				CLANG_WARN_DEPRECATED_OBJC_IMPLEMENTATIONS = YES;
				CLANG_WARN_DIRECT_OBJC_ISA_USAGE = YES_ERROR;
				CLANG_WARN_DOCUMENTATION_COMMENTS = YES;
				CLANG_WARN_EMPTY_BODY = YES;
				CLANG_WARN_ENUM_CONVERSION = YES;
				CLANG_WARN_INFINITE_RECURSION = YES;
				CLANG_WARN_INT_CONVERSION = YES;
				CLANG_WARN_NON_LITERAL_NULL_CONVERSION = YES;
				CLANG_WARN_OBJC_IMPLICIT_RETAIN_SELF = YES;
				CLANG_WARN_OBJC_LITERAL_CONVERSION = YES;
				CLANG_WARN_OBJC_ROOT_CLASS = YES_ERROR;
				CLANG_WARN_RANGE_LOOP_ANALYSIS = YES;
				CLANG_WARN_STRICT_PROTOTYPES = YES;
				CLANG_WARN_SUSPICIOUS_MOVE = YES;
				CLANG_WARN_UNGUARDED_AVAILABILITY = YES_AGGRESSIVE;
				CLANG_WARN_UNREACHABLE_CODE = YES;
				CLANG_WARN__DUPLICATE_METHOD_MATCH = YES;
				COPY_PHASE_STRIP = NO;
				DEBUG_INFORMATION_FORMAT = "dwarf-with-dsym";
				ENABLE_NS_ASSERTIONS = NO;
				ENABLE_STRICT_OBJC_MSGSEND = YES;
				GCC_C_LANGUAGE_STANDARD = gnu11;
				GCC_NO_COMMON_BLOCKS = YES;
				GCC_WARN_64_TO_32_BIT_CONVERSION = YES;
				GCC_WARN_ABOUT_RETURN_TYPE = YES_ERROR;
				GCC_WARN_UNDECLARED_SELECTOR = YES;
				GCC_WARN_UNINITIALIZED_AUTOS = YES_AGGRESSIVE;
				GCC_WARN_UNUSED_FUNCTION = YES;
				GCC_WARN_UNUSED_VARIABLE = YES;
				IPHONEOS_DEPLOYMENT_TARGET = 13.6;
				MTL_ENABLE_DEBUG_INFO = NO;
				MTL_FAST_MATH = YES;
				SDKROOT = iphoneos;
				SWIFT_COMPILATION_MODE = wholemodule;
				SWIFT_OPTIMIZATION_LEVEL = "-O";
				VALIDATE_PRODUCT = YES;
			};
			name = Release;
		};
		2DF4E2EE24CE4D38002C2B89 /* Debug */ = {
			isa = XCBuildConfiguration;
			buildSettings = {
				ASSETCATALOG_COMPILER_APPICON_NAME = AppIcon;
				CODE_SIGN_STYLE = Automatic;
				INFOPLIST_FILE = bruinLabsChat/Info.plist;
				LD_RUNPATH_SEARCH_PATHS = (
					"$(inherited)",
					"@executable_path/Frameworks",
				);
				PRODUCT_BUNDLE_IDENTIFIER = com.reemakshetramade.bruinLabsChat;
				PRODUCT_NAME = "$(TARGET_NAME)";
				SWIFT_VERSION = 5.0;
				TARGETED_DEVICE_FAMILY = "1,2";
			};
			name = Debug;
		};
		2DF4E2EF24CE4D38002C2B89 /* Release */ = {
			isa = XCBuildConfiguration;
			buildSettings = {
				ASSETCATALOG_COMPILER_APPICON_NAME = AppIcon;
				CODE_SIGN_STYLE = Automatic;
				INFOPLIST_FILE = bruinLabsChat/Info.plist;
				LD_RUNPATH_SEARCH_PATHS = (
					"$(inherited)",
					"@executable_path/Frameworks",
				);
				PRODUCT_BUNDLE_IDENTIFIER = com.reemakshetramade.bruinLabsChat;
				PRODUCT_NAME = "$(TARGET_NAME)";
				SWIFT_VERSION = 5.0;
				TARGETED_DEVICE_FAMILY = "1,2";
			};
			name = Release;
		};
/* End XCBuildConfiguration section */

/* Begin XCConfigurationList section */
		2DF4E2D424CE4D34002C2B89 /* Build configuration list for PBXProject "bruinLabsChat" */ = {
			isa = XCConfigurationList;
			buildConfigurations = (
				2DF4E2EB24CE4D38002C2B89 /* Debug */,
				2DF4E2EC24CE4D38002C2B89 /* Release */,
			);
			defaultConfigurationIsVisible = 0;
			defaultConfigurationName = Release;
		};
		2DF4E2ED24CE4D38002C2B89 /* Build configuration list for PBXNativeTarget "bruinLabsChat" */ = {
			isa = XCConfigurationList;
			buildConfigurations = (
				2DF4E2EE24CE4D38002C2B89 /* Debug */,
				2DF4E2EF24CE4D38002C2B89 /* Release */,
			);
			defaultConfigurationIsVisible = 0;
			defaultConfigurationName = Release;
		};
/* End XCConfigurationList section */
	};
	rootObject = 2DF4E2D124CE4D34002C2B89 /* Project object */;
}
